<?xml version="1.0" encoding="utf-8"?>
<Project ToolsVersion="4.0" xmlns="http://schemas.microsoft.com/developer/msbuild/2003">
  <ItemGroup>
    <Filter Include="Source Files">
      <UniqueIdentifier>{4FC737F1-C7A5-4376-A066-2A32D752A2FF}</UniqueIdentifier>
      <Extensions>cpp;c;cc;cxx;c++;cppm;ixx;def;odl;idl;hpj;bat;asm;asmx</Extensions>
    </Filter>
    <Filter Include="Header Files">
      <UniqueIdentifier>{93995380-89BD-4b04-88EB-625FBE52EBFB}</UniqueIdentifier>
      <Extensions>h;hh;hpp;hxx;h++;hm;inl;inc;ipp;xsd</Extensions>
    </Filter>
    <Filter Include="Resource Files">
      <UniqueIdentifier>{67DA6AB6-F800-4c08-8B7A-83BB121AAD01}</UniqueIdentifier>
      <Extensions>rc;ico;cur;bmp;dlg;rc2;rct;bin;rgs;gif;jpg;jpeg;jpe;resx;tiff;tif;png;wav;mfcribbon-ms</Extensions>
    </Filter>
    <Filter Include="Source Files\Stack">
      <UniqueIdentifier>{1384402c-3591-4fc0-b6a9-ff33039e5c48}</UniqueIdentifier>
    </Filter>
    <Filter Include="Header Files\Stack">
      <UniqueIdentifier>{a094366d-4cd4-4aa5-b0de-a9713d5fdb58}</UniqueIdentifier>
    </Filter>
    <Filter Include="Source Files\Main">
      <UniqueIdentifier>{97c615c0-1f2b-4ff3-becc-e4ea0d9c8b0c}</UniqueIdentifier>
    </Filter>
    <Filter Include="Source Files\Calc">
      <UniqueIdentifier>{27150a63-33de-40cb-8773-b43f1cceb968}</UniqueIdentifier>
    </Filter>
    <Filter Include="Header Files\Calc">
      <UniqueIdentifier>{3c0ffe49-bbf0-42a1-a265-082e33b2f4fe}</UniqueIdentifier>
    </Filter>
    <Filter Include="Source Files\Helpers">
      <UniqueIdentifier>{11d0cd0c-8735-4f7b-a548-91088f42b50c}</UniqueIdentifier>
    </Filter>
    <Filter Include="Header Files\Helpers">
      <UniqueIdentifier>{4e81baf0-01c5-40b2-bcf9-0ce68f2c0943}</UniqueIdentifier>
    </Filter>
  </ItemGroup>
  <ItemGroup>
    <None Include="..\..\README.md">
      <Filter>Resource Files</Filter>
    </None>
  </ItemGroup>
  <ItemGroup>
    <ClCompile Include="Stack.c">
      <Filter>Source Files\Stack</Filter>
    </ClCompile>
    <ClCompile Include="Source.c">
      <Filter>Source Files\Main</Filter>
    </ClCompile>
    <ClCompile Include="CalcPost.c">
      <Filter>Source Files\Calc</Filter>
    </ClCompile>
    <ClCompile Include="ConInPost.c">
      <Filter>Source Files\Calc</Filter>
    </ClCompile>
    <ClCompile Include="Helper.c">
      <Filter>Source Files\Helpers</Filter>
    </ClCompile>
  </ItemGroup>
  <ItemGroup>
    <ClInclude Include="Stack.h">
      <Filter>Header Files\Stack</Filter>
    </ClInclude>
    <ClInclude Include="CalcPost.h">
      <Filter>Header Files\Calc</Filter>
    </ClInclude>
    <ClInclude Include="ConInPost.h">
      <Filter>Header Files\Calc</Filter>
    </ClInclude>
    <ClInclude Include="Helper.h">
      <Filter>Header Files\Helpers</Filter>
    </ClInclude>
  </ItemGroup>
</Project>